
Microsoft Visual Studio Solution File, Format Version 12.00
# Visual Studio Version 16
VisualStudioVersion = 16.0.30011.22
MinimumVisualStudioVersion = 10.0.40219.1
Project("{FAE04EC0-301F-11D3-BF4B-00C04F79EFBC}") = "EngWords", "EngWords\EngWords.csproj", "{CA4FF069-061C-441C-8370-B0BF9A6397CA}"
EndProject
Global
	GlobalSection(SolutionConfigurationPlatforms) = preSolution
		Debug|Any CPU = Debug|Any CPU
		Release|Any CPU = Release|Any CPU
	EndGlobalSection
	GlobalSection(ProjectConfigurationPlatforms) = postSolution
		{CA4FF069-061C-441C-8370-B0BF9A6397CA}.Debug|Any CPU.ActiveCfg = Debug|Any CPU
		{CA4FF069-061C-441C-8370-B0BF9A6397CA}.Debug|Any CPU.Build.0 = Debug|Any CPU
		{CA4FF069-061C-441C-8370-B0BF9A6397CA}.Release|Any CPU.ActiveCfg = Release|Any CPU
		{CA4FF069-061C-441C-8370-B0BF9A6397CA}.Release|Any CPU.Build.0 = Release|Any CPU
	EndGlobalSection
	GlobalSection(SolutionProperties) = preSolution
		HideSolutionNode = FALSE
	EndGlobalSection
	GlobalSection(ExtensibilityGlobals) = postSolution
		SolutionGuid = {02468517-2C24-4C36-BD57-D0F796986DC9}
	EndGlobalSection
EndGlobal
